{
	"name": "@ndjson-utils/sqlite",
	"version": "0.0.5",
	"lockfileVersion": 2,
	"requires": true,
	"packages": {
		"": {
			"name": "@ndjson-utils/sqlite",
			"version": "0.1.0",
			"license": "GPLv2",
			"dependencies": {
				"argparse": "^2.0.1",
				"line-by-line": "^0.1.6",
				"sql.js": "^1.5.0"
			},
			"devDependencies": {
				"@types/argparse": "^2.0.5",
				"@types/line-by-line": "^0.1.4",
				"@types/sql.js": "^1.4.2"
			}
		},
		"node_modules/@types/argparse": {
			"version": "2.0.5",
			"resolved": "https://registry.npmjs.org/@types/argparse/-/argparse-2.0.5.tgz",
			"integrity": "sha512-m0CQ4TzFW+JdAN875vqqNO7H92jnN9hrH0bxEjJStePjfSfBDNgIlH+ieZQvBH9CuSPguFpjEzXcJHqV+fJqOQ==",
			"dev": true
		},
		"node_modules/@types/emscripten": {
			"version": "1.39.4",
			"resolved": "https://registry.npmjs.org/@types/emscripten/-/emscripten-1.39.4.tgz",
			"integrity": "sha512-k3LLVMFrdNA9UCvMDPWMbFrGPNb+GcPyw29ktJTo1RCN7RmxFG5XzPZcPKRlnLuLT/FRm8wp4ohvDwNY7GlROQ==",
			"dev": true
		},
		"node_modules/@types/line-by-line": {
			"version": "0.1.4",
			"resolved": "https://registry.npmjs.org/@types/line-by-line/-/line-by-line-0.1.4.tgz",
			"integrity": "sha512-H3v9Mge3+9p1Y5Zj10996zwlgnuv1mFls3uHxauUfuxaKqzBluToKK9p5FAb0dCfrOHQClVs+ECFpKv4jJ4yWw==",
			"dev": true,
			"dependencies": {
				"@types/node": "*"
			}
		},
		"node_modules/@types/node": {
			"version": "14.14.35",
			"resolved": "https://registry.npmjs.org/@types/node/-/node-14.14.35.tgz",
			"integrity": "sha512-Lt+wj8NVPx0zUmUwumiVXapmaLUcAk3yPuHCFVXras9k5VT9TdhJqKqGVUQCD60OTMCl0qxJ57OiTL0Mic3Iag==",
			"dev": true
		},
		"node_modules/@types/sql.js": {
			"version": "1.4.2",
			"resolved": "https://registry.npmjs.org/@types/sql.js/-/sql.js-1.4.2.tgz",
			"integrity": "sha512-3Mq6KcJp+1qJ6FfE7c16oNZcgGrPiUZWj8DSePRRZQCPhi4vawX/thGCzwqIg59tOCjdQI1eMC+pLk9FLfTXwQ==",
			"dev": true,
			"dependencies": {
				"@types/emscripten": "*",
				"@types/node": "*"
			}
		},
		"node_modules/argparse": {
			"version": "2.0.1",
			"resolved": "https://registry.npmjs.org/argparse/-/argparse-2.0.1.tgz",
			"integrity": "sha512-8+9WqebbFzpX9OR+Wa6O29asIogeRMzcGtAINdpMHHyAg10f05aSFVBbcEqGf/PXw1EjAZ+q2/bEBg3DvurK3Q=="
		},
		"node_modules/line-by-line": {
			"version": "0.1.6",
			"resolved": "https://registry.npmjs.org/line-by-line/-/line-by-line-0.1.6.tgz",
			"integrity": "sha512-MmwVPfOyp0lWnEZ3fBA8Ah4pMFvxO6WgWovqZNu7Y4J0TNnGcsV4S1LzECHbdgqk1hoHc2mFP1Axc37YUqwafg==",
			"engines": {
				"node": ">=4.0.0"
			}
		},
		"node_modules/sql.js": {
			"version": "1.5.0",
			"resolved": "https://registry.npmjs.org/sql.js/-/sql.js-1.5.0.tgz",
			"integrity": "sha512-Qqr6HgX/hCDpLFWdN0BNoNpYQ2c1tOl1c3HGI0cshjaFSAWszKICuLZ9CyFUvRFPpEGW8RzHzwuXWWvXVGTKBg=="
		}
	},
	"dependencies": {
		"@types/argparse": {
			"version": "2.0.5",
			"resolved": "https://registry.npmjs.org/@types/argparse/-/argparse-2.0.5.tgz",
			"integrity": "sha512-m0CQ4TzFW+JdAN875vqqNO7H92jnN9hrH0bxEjJStePjfSfBDNgIlH+ieZQvBH9CuSPguFpjEzXcJHqV+fJqOQ==",
			"dev": true
		},
		"@types/emscripten": {
			"version": "1.39.4",
			"resolved": "https://registry.npmjs.org/@types/emscripten/-/emscripten-1.39.4.tgz",
			"integrity": "sha512-k3LLVMFrdNA9UCvMDPWMbFrGPNb+GcPyw29ktJTo1RCN7RmxFG5XzPZcPKRlnLuLT/FRm8wp4ohvDwNY7GlROQ==",
			"dev": true
		},
		"@types/line-by-line": {
			"version": "0.1.4",
			"resolved": "https://registry.npmjs.org/@types/line-by-line/-/line-by-line-0.1.4.tgz",
			"integrity": "sha512-H3v9Mge3+9p1Y5Zj10996zwlgnuv1mFls3uHxauUfuxaKqzBluToKK9p5FAb0dCfrOHQClVs+ECFpKv4jJ4yWw==",
			"dev": true,
			"requires": {
				"@types/node": "*"
			}
		},
		"@types/node": {
			"version": "14.14.35",
			"resolved": "https://registry.npmjs.org/@types/node/-/node-14.14.35.tgz",
			"integrity": "sha512-Lt+wj8NVPx0zUmUwumiVXapmaLUcAk3yPuHCFVXras9k5VT9TdhJqKqGVUQCD60OTMCl0qxJ57OiTL0Mic3Iag==",
			"dev": true
		},
		"@types/sql.js": {
			"version": "1.4.2",
			"resolved": "https://registry.npmjs.org/@types/sql.js/-/sql.js-1.4.2.tgz",
			"integrity": "sha512-3Mq6KcJp+1qJ6FfE7c16oNZcgGrPiUZWj8DSePRRZQCPhi4vawX/thGCzwqIg59tOCjdQI1eMC+pLk9FLfTXwQ==",
			"dev": true,
			"requires": {
				"@types/emscripten": "*",
				"@types/node": "*"
			}
		},
		"argparse": {
			"version": "2.0.1",
			"resolved": "https://registry.npmjs.org/argparse/-/argparse-2.0.1.tgz",
			"integrity": "sha512-8+9WqebbFzpX9OR+Wa6O29asIogeRMzcGtAINdpMHHyAg10f05aSFVBbcEqGf/PXw1EjAZ+q2/bEBg3DvurK3Q=="
		},
		"line-by-line": {
			"version": "0.1.6",
			"resolved": "https://registry.npmjs.org/line-by-line/-/line-by-line-0.1.6.tgz",
			"integrity": "sha512-MmwVPfOyp0lWnEZ3fBA8Ah4pMFvxO6WgWovqZNu7Y4J0TNnGcsV4S1LzECHbdgqk1hoHc2mFP1Axc37YUqwafg=="
		},
		"sql.js": {
			"version": "1.5.0",
			"resolved": "https://registry.npmjs.org/sql.js/-/sql.js-1.5.0.tgz",
			"integrity": "sha512-Qqr6HgX/hCDpLFWdN0BNoNpYQ2c1tOl1c3HGI0cshjaFSAWszKICuLZ9CyFUvRFPpEGW8RzHzwuXWWvXVGTKBg=="
		}
	}
}
